
Microsoft Visual Studio Solution File, Format Version 12.00
# Visual Studio Version 17
VisualStudioVersion = 17.13.35931.197 d17.13
MinimumVisualStudioVersion = 10.0.40219.1
Project("{FAE04EC0-301F-11D3-BF4B-00C04F79EFBC}") = "vertical-slice-with-aspnet", "vertical-slice-with-aspnet.csproj", "{DF19A987-5FFB-F6DA-F9E4-492B32A40AB1}"
EndProject
Global
	GlobalSection(SolutionConfigurationPlatforms) = preSolution
		Debug|Any CPU = Debug|Any CPU
		Release|Any CPU = Release|Any CPU
	EndGlobalSection
	GlobalSection(ProjectConfigurationPlatforms) = postSolution
		{DF19A987-5FFB-F6DA-F9E4-492B32A40AB1}.Debug|Any CPU.ActiveCfg = Debug|Any CPU
		{DF19A987-5FFB-F6DA-F9E4-492B32A40AB1}.Debug|Any CPU.Build.0 = Debug|Any CPU
		{DF19A987-5FFB-F6DA-F9E4-492B32A40AB1}.Release|Any CPU.ActiveCfg = Release|Any CPU
		{DF19A987-5FFB-F6DA-F9E4-492B32A40AB1}.Release|Any CPU.Build.0 = Release|Any CPU
	EndGlobalSection
	GlobalSection(SolutionProperties) = preSolution
		HideSolutionNode = FALSE
	EndGlobalSection
	GlobalSection(ExtensibilityGlobals) = postSolution
		SolutionGuid = {A63398B2-72DD-4742-AE5F-064D1148E699}
	EndGlobalSection
EndGlobal
